
Microsoft Visual Studio Solution File, Format Version 12.00
# Visual Studio Version 16
VisualStudioVersion = 16.0.30406.217
MinimumVisualStudioVersion = 10.0.40219.1
Project("{9A19103F-16F7-4668-BE54-9A1E7A4F7556}") = "IntegrationTests", "test\IntegrationTests\IntegrationTests.csproj", "{9D2535D3-D67E-4491-AA4B-F1496ACDDC58}"
EndProject
Project("{FAE04EC0-301F-11D3-BF4B-00C04F79EFBC}") = "CustomerAPI", "src\CustomerAPI\CustomerAPI.csproj", "{88560E42-2DE5-4303-8178-6D0CCEAB12C0}"
EndProject
Project("{FAE04EC0-301F-11D3-BF4B-00C04F79EFBC}") = "UnitTests", "test\UnitTests\UnitTests.csproj", "{26D67AD9-C941-41EE-AED4-B91A55A2BE0A}"
EndProject
Global
	GlobalSection(SolutionConfigurationPlatforms) = preSolution
		Debug|Any CPU = Debug|Any CPU
		Release|Any CPU = Release|Any CPU
	EndGlobalSection
	GlobalSection(ProjectConfigurationPlatforms) = postSolution
		{9D2535D3-D67E-4491-AA4B-F1496ACDDC58}.Debug|Any CPU.ActiveCfg = Debug|Any CPU
		{9D2535D3-D67E-4491-AA4B-F1496ACDDC58}.Debug|Any CPU.Build.0 = Debug|Any CPU
		{9D2535D3-D67E-4491-AA4B-F1496ACDDC58}.Release|Any CPU.ActiveCfg = Release|Any CPU
		{9D2535D3-D67E-4491-AA4B-F1496ACDDC58}.Release|Any CPU.Build.0 = Release|Any CPU
		{88560E42-2DE5-4303-8178-6D0CCEAB12C0}.Debug|Any CPU.ActiveCfg = Debug|Any CPU
		{88560E42-2DE5-4303-8178-6D0CCEAB12C0}.Debug|Any CPU.Build.0 = Debug|Any CPU
		{88560E42-2DE5-4303-8178-6D0CCEAB12C0}.Release|Any CPU.ActiveCfg = Release|Any CPU
		{88560E42-2DE5-4303-8178-6D0CCEAB12C0}.Release|Any CPU.Build.0 = Release|Any CPU
		{26D67AD9-C941-41EE-AED4-B91A55A2BE0A}.Debug|Any CPU.ActiveCfg = Debug|Any CPU
		{26D67AD9-C941-41EE-AED4-B91A55A2BE0A}.Debug|Any CPU.Build.0 = Debug|Any CPU
		{26D67AD9-C941-41EE-AED4-B91A55A2BE0A}.Release|Any CPU.ActiveCfg = Release|Any CPU
		{26D67AD9-C941-41EE-AED4-B91A55A2BE0A}.Release|Any CPU.Build.0 = Release|Any CPU
	EndGlobalSection
	GlobalSection(SolutionProperties) = preSolution
		HideSolutionNode = FALSE
	EndGlobalSection
	GlobalSection(ExtensibilityGlobals) = postSolution
		SolutionGuid = {5DB244DF-E5A0-43CE-AB63-6CAA896EC235}
	EndGlobalSection
EndGlobal
